
Microsoft Visual Studio Solution File, Format Version 12.00
# Visual Studio 15
VisualStudioVersion = 15.0.28307.1022
MinimumVisualStudioVersion = 10.0.40219.1
Project("{D2ABAB84-BF74-430A-B69E-9DC6D40DDA17}") = "lab6_hurtownia", "lab6_hurtownia\lab6_hurtownia.dwproj", "{0553CC6D-E8EB-495A-B93F-7567B91C46F2}"
EndProject
Global
	GlobalSection(SolutionConfigurationPlatforms) = preSolution
		Development|Default = Development|Default
	EndGlobalSection
	GlobalSection(ProjectConfigurationPlatforms) = postSolution
		{0553CC6D-E8EB-495A-B93F-7567B91C46F2}.Development|Default.ActiveCfg = Development
		{0553CC6D-E8EB-495A-B93F-7567B91C46F2}.Development|Default.Build.0 = Development
		{0553CC6D-E8EB-495A-B93F-7567B91C46F2}.Development|Default.Deploy.0 = Development
	EndGlobalSection
	GlobalSection(SolutionProperties) = preSolution
		HideSolutionNode = FALSE
	EndGlobalSection
	GlobalSection(ExtensibilityGlobals) = postSolution
		SolutionGuid = {CEE5FD13-C69F-495F-909A-B3B5BDD716B0}
	EndGlobalSection
EndGlobal
